
Microsoft Visual Studio Solution File, Format Version 12.00
# Visual Studio Version 16
VisualStudioVersion = 16.0.30804.86
MinimumVisualStudioVersion = 10.0.40219.1
Project("{FAE04EC0-301F-11D3-BF4B-00C04F79EFBC}") = "T-20 Nuget", "T-20 Nuget.csproj", "{84952B07-65B0-4B10-AF2E-8E4ABF670CCC}"
EndProject
Global
	GlobalSection(SolutionConfigurationPlatforms) = preSolution
		Debug|Any CPU = Debug|Any CPU
		Release|Any CPU = Release|Any CPU
	EndGlobalSection
	GlobalSection(ProjectConfigurationPlatforms) = postSolution
		{84952B07-65B0-4B10-AF2E-8E4ABF670CCC}.Debug|Any CPU.ActiveCfg = Debug|Any CPU
		{84952B07-65B0-4B10-AF2E-8E4ABF670CCC}.Debug|Any CPU.Build.0 = Debug|Any CPU
		{84952B07-65B0-4B10-AF2E-8E4ABF670CCC}.Release|Any CPU.ActiveCfg = Release|Any CPU
		{84952B07-65B0-4B10-AF2E-8E4ABF670CCC}.Release|Any CPU.Build.0 = Release|Any CPU
	EndGlobalSection
	GlobalSection(SolutionProperties) = preSolution
		HideSolutionNode = FALSE
	EndGlobalSection
	GlobalSection(ExtensibilityGlobals) = postSolution
		SolutionGuid = {89D1D887-6116-4D5F-ACB5-FC4AD08DAC06}
	EndGlobalSection
EndGlobal
